// !$*UTF8*$!
{
	archiveVersion = 1;
	classes = {
	};
	objectVersion = 46;
	objects = {

/* Begin PBXBuildFile section */
		02EC81EA17B1BDC10A215AC2 /* PullRequestRowView.swift in Sources */ = {isa = PBXBuildFile; fileRef = C229004459323402F407C1AF /* PullRequestRowView.swift */; };
		10DF3EC8CF322F78911D51A0 /* Cocoa.framework in Frameworks */ = {isa = PBXBuildFile; fileRef = B31047A19FDBD38A25E06FE5 /* Cocoa.framework */; };
		2270CF17CEC85CD5D236F00D /* LaunchAtLoginSettings.swift in Sources */ = {isa = PBXBuildFile; fileRef = C8A14F461F9439B88FD904AC /* LaunchAtLoginSettings.swift */; };
		2B1D878496294C9EFE7EF271 /* GitHubQueries.swift in Sources */ = {isa = PBXBuildFile; fileRef = BDC916F9062771862713F1C6 /* GitHubQueries.swift */; };
		2BBA205006A77E3759716BBC /* Cocoa.framework in Frameworks */ = {isa = PBXBuildFile; fileRef = B31047A19FDBD38A25E06FE5 /* Cocoa.framework */; };
		311F16662AC9789E887B1265 /* MenuBarBadgeView.swift in Sources */ = {isa = PBXBuildFile; fileRef = CC615212162844C1CCE7BD10 /* MenuBarBadgeView.swift */; };
		4C1840A9006A31BB9D96A22C /* TestSupport.swift in Sources */ = {isa = PBXBuildFile; fileRef = 15C46B1739A9C8E5A0BFF049 /* TestSupport.swift */; };
		4F1614E8DB1D82A8B7DB59D1 /* main.swift in Sources */ = {isa = PBXBuildFile; fileRef = 0EED1F5085C684A3CBD7B674 /* main.swift */; };
		5986F868A9D71F331D26E30E /* UpdateModels.swift in Sources */ = {isa = PBXBuildFile; fileRef = 97800D6BFF0F4404B654458B /* UpdateModels.swift */; };
		5D807991D9ADAC6DC1A7E90E /* PullRequestModelDecodingTests.swift in Sources */ = {isa = PBXBuildFile; fileRef = C96AB440FC32E6A4BA15FB3E /* PullRequestModelDecodingTests.swift */; };
		5EE8E34CF009E0C00B30A4E4 /* UpdateModels.swift in Sources */ = {isa = PBXBuildFile; fileRef = 97800D6BFF0F4404B654458B /* UpdateModels.swift */; };
		72514943A487B2AD98A79943 /* UpdateGitHubClient.swift in Sources */ = {isa = PBXBuildFile; fileRef = 08B3FF4AD447B3D265C336D9 /* UpdateGitHubClient.swift */; };
		7676398A3E10693A0DBF4BEC /* main.swift in Sources */ = {isa = PBXBuildFile; fileRef = F82F96FBAF5B91F108A27207 /* main.swift */; };
		87D17516E300857428253A13 /* UpdaterInstaller.swift in Sources */ = {isa = PBXBuildFile; fileRef = B7FF4D063EDF905115A8BC00 /* UpdaterInstaller.swift */; };
		89AC2C41B1C175217FEF32D9 /* AppDelegate.swift in Sources */ = {isa = PBXBuildFile; fileRef = CEAF514F6CC1A5C680FC9CEA /* AppDelegate.swift */; };
		8C37F7602BB753FEE71C1239 /* AppIcon.icns in Resources */ = {isa = PBXBuildFile; fileRef = E462BBC95FCCC92B3170EE4A /* AppIcon.icns */; };
		9ABB5DF9CA30F43DE5A29C6D /* PullRequestStoreLifecycleTests.swift in Sources */ = {isa = PBXBuildFile; fileRef = 620416208C932A6EAC75916B /* PullRequestStoreLifecycleTests.swift */; };
		9CDB85188EFF10807EFC9787 /* GitHubAuth.swift in Sources */ = {isa = PBXBuildFile; fileRef = 8677AA412172E541E3CD5FFD /* GitHubAuth.swift */; };
		9CFFAA56AAE065A859300E11 /* PanelView.swift in Sources */ = {isa = PBXBuildFile; fileRef = A87816B98877CFCCBE6FC475 /* PanelView.swift */; };
		A3A7A017B271EC15F6CA9D50 /* SettingsView.swift in Sources */ = {isa = PBXBuildFile; fileRef = 25304D5ACCB38F2F636E8EB7 /* SettingsView.swift */; };
		B1EA93FBC185409686E1ECF1 /* AppVersionInfo.swift in Sources */ = {isa = PBXBuildFile; fileRef = 4F2FDA6D56B9B4BC926075A0 /* AppVersionInfo.swift */; };
		B433D0A4C2C31DF8FE2428CB /* PullRequestStore.swift in Sources */ = {isa = PBXBuildFile; fileRef = AA0974196F47D3CAC15E51A9 /* PullRequestStore.swift */; };
		B541FC9D5B6B05601A208E30 /* ThemeManager.swift in Sources */ = {isa = PBXBuildFile; fileRef = 27C0E553750F2BEBB5155696 /* ThemeManager.swift */; };
		B8C803031EEE2A6922E05D3B /* PullRequestModels.swift in Sources */ = {isa = PBXBuildFile; fileRef = D31882B1E05FEE595A690582 /* PullRequestModels.swift */; };
		BA910D584F29FAB1B53B97CF /* Cocoa.framework in Frameworks */ = {isa = PBXBuildFile; fileRef = B31047A19FDBD38A25E06FE5 /* Cocoa.framework */; };
		C1AB571B9E408D7549E6F3E4 /* SmokeTests.swift in Sources */ = {isa = PBXBuildFile; fileRef = ACE293CF19F5755216773EB4 /* SmokeTests.swift */; };
		CBD179346F53B1DBF2476E44 /* Colors.swift in Sources */ = {isa = PBXBuildFile; fileRef = 2DE742C83564CDBFF699895E /* Colors.swift */; };
		D805B50014C8E91EC0796ADD /* GitHubSettings.swift in Sources */ = {isa = PBXBuildFile; fileRef = 5E4F1EF9265AD71CB4A970D4 /* GitHubSettings.swift */; };
		DA862105E69636C8E4A837AF /* GitHubAuthTests.swift in Sources */ = {isa = PBXBuildFile; fileRef = EEACF9C9CE02154EF5DF9875 /* GitHubAuthTests.swift */; };
		DB5B60D230AABD06E7FAED66 /* PullRequestClassifierTests.swift in Sources */ = {isa = PBXBuildFile; fileRef = 34DF749DA12F3B3C11CF82EF /* PullRequestClassifierTests.swift */; };
		DB9D034CA8588927444A4DD4 /* GitHubClient.swift in Sources */ = {isa = PBXBuildFile; fileRef = F2854BD35ED7696D2CD99CC1 /* GitHubClient.swift */; };
		DEEB0C5BB2601D9D21725F12 /* UpdateInstallPlanner.swift in Sources */ = {isa = PBXBuildFile; fileRef = E8EAB0222101424B0BDEDAC5 /* UpdateInstallPlanner.swift */; };
		E484DEF003499304635E6D4F /* UpdaterAppDelegate.swift in Sources */ = {isa = PBXBuildFile; fileRef = 3E9C0E6D9DFD0997A32FD44E /* UpdaterAppDelegate.swift */; };
		ED43EDC5703851594ADB610B /* UpdateManager.swift in Sources */ = {isa = PBXBuildFile; fileRef = 7A082067B5233F5565102EFC /* UpdateManager.swift */; };
		F04F57EFC9B7A1DEF99A58A4 /* UpdaterWindowController.swift in Sources */ = {isa = PBXBuildFile; fileRef = 91DC5F98EA89E518067196ED /* UpdaterWindowController.swift */; };
		F896DE656AE6ED5BE669B3E4 /* GitWatchUpdater.app in Embed Helper */ = {isa = PBXBuildFile; fileRef = 275EEF8674228261F17C639B /* GitWatchUpdater.app */; };
/* End PBXBuildFile section */

/* Begin PBXContainerItemProxy section */
		C4463D8CF7AACCA4949FC958 /* PBXContainerItemProxy */ = {
			isa = PBXContainerItemProxy;
			containerPortal = B52D4554CBA609FA26B7AD23 /* Project object */;
			proxyType = 1;
			remoteGlobalIDString = 00AC7ABDE7F03EA635A381B0;
			remoteInfo = "git-watch";
		};
/* End PBXContainerItemProxy section */

/* Begin PBXCopyFilesBuildPhase section */
		FF97DF4186647614D1A4CDAF /* Embed Helper */ = {
			isa = PBXCopyFilesBuildPhase;
			buildActionMask = 2147483647;
			dstPath = ../Helpers;
			dstSubfolderSpec = 10;
			files = (
				F896DE656AE6ED5BE669B3E4 /* GitWatchUpdater.app in Embed Helper */,
			);
			name = "Embed Helper";
			runOnlyForDeploymentPostprocessing = 0;
		};
/* End PBXCopyFilesBuildPhase section */

/* Begin PBXFileReference section */
		08B3FF4AD447B3D265C336D9 /* UpdateGitHubClient.swift */ = {isa = PBXFileReference; includeInIndex = 1; lastKnownFileType = sourcecode.swift; path = UpdateGitHubClient.swift; sourceTree = "<group>"; };
		0EED1F5085C684A3CBD7B674 /* main.swift */ = {isa = PBXFileReference; includeInIndex = 1; lastKnownFileType = sourcecode.swift; path = main.swift; sourceTree = "<group>"; };
		15C46B1739A9C8E5A0BFF049 /* TestSupport.swift */ = {isa = PBXFileReference; includeInIndex = 1; lastKnownFileType = sourcecode.swift; path = TestSupport.swift; sourceTree = "<group>"; };
		25304D5ACCB38F2F636E8EB7 /* SettingsView.swift */ = {isa = PBXFileReference; includeInIndex = 1; lastKnownFileType = sourcecode.swift; path = SettingsView.swift; sourceTree = "<group>"; };
		275EEF8674228261F17C639B /* GitWatchUpdater.app */ = {isa = PBXFileReference; explicitFileType = wrapper.application; includeInIndex = 0; path = GitWatchUpdater.app; sourceTree = BUILT_PRODUCTS_DIR; };
		27C0E553750F2BEBB5155696 /* ThemeManager.swift */ = {isa = PBXFileReference; includeInIndex = 1; lastKnownFileType = sourcecode.swift; path = ThemeManager.swift; sourceTree = "<group>"; };
		2DE742C83564CDBFF699895E /* Colors.swift */ = {isa = PBXFileReference; includeInIndex = 1; lastKnownFileType = sourcecode.swift; path = Colors.swift; sourceTree = "<group>"; };
		34DF749DA12F3B3C11CF82EF /* PullRequestClassifierTests.swift */ = {isa = PBXFileReference; includeInIndex = 1; lastKnownFileType = sourcecode.swift; path = PullRequestClassifierTests.swift; sourceTree = "<group>"; };
		3E9C0E6D9DFD0997A32FD44E /* UpdaterAppDelegate.swift */ = {isa = PBXFileReference; includeInIndex = 1; lastKnownFileType = sourcecode.swift; path = UpdaterAppDelegate.swift; sourceTree = "<group>"; };
		4F2FDA6D56B9B4BC926075A0 /* AppVersionInfo.swift */ = {isa = PBXFileReference; includeInIndex = 1; lastKnownFileType = sourcecode.swift; path = AppVersionInfo.swift; sourceTree = "<group>"; };
		5E4F1EF9265AD71CB4A970D4 /* GitHubSettings.swift */ = {isa = PBXFileReference; includeInIndex = 1; lastKnownFileType = sourcecode.swift; path = GitHubSettings.swift; sourceTree = "<group>"; };
		607EE2DF9C0D8A3A2D970286 /* git-watch.app */ = {isa = PBXFileReference; explicitFileType = wrapper.application; includeInIndex = 0; path = "git-watch.app"; sourceTree = BUILT_PRODUCTS_DIR; };
		620416208C932A6EAC75916B /* PullRequestStoreLifecycleTests.swift */ = {isa = PBXFileReference; includeInIndex = 1; lastKnownFileType = sourcecode.swift; path = PullRequestStoreLifecycleTests.swift; sourceTree = "<group>"; };
		7A082067B5233F5565102EFC /* UpdateManager.swift */ = {isa = PBXFileReference; includeInIndex = 1; lastKnownFileType = sourcecode.swift; path = UpdateManager.swift; sourceTree = "<group>"; };
		8677AA412172E541E3CD5FFD /* GitHubAuth.swift */ = {isa = PBXFileReference; includeInIndex = 1; lastKnownFileType = sourcecode.swift; path = GitHubAuth.swift; sourceTree = "<group>"; };
		91DC5F98EA89E518067196ED /* UpdaterWindowController.swift */ = {isa = PBXFileReference; includeInIndex = 1; lastKnownFileType = sourcecode.swift; path = UpdaterWindowController.swift; sourceTree = "<group>"; };
		97800D6BFF0F4404B654458B /* UpdateModels.swift */ = {isa = PBXFileReference; includeInIndex = 1; lastKnownFileType = sourcecode.swift; path = UpdateModels.swift; sourceTree = "<group>"; };
		A87816B98877CFCCBE6FC475 /* PanelView.swift */ = {isa = PBXFileReference; includeInIndex = 1; lastKnownFileType = sourcecode.swift; path = PanelView.swift; sourceTree = "<group>"; };
		AA0974196F47D3CAC15E51A9 /* PullRequestStore.swift */ = {isa = PBXFileReference; includeInIndex = 1; lastKnownFileType = sourcecode.swift; path = PullRequestStore.swift; sourceTree = "<group>"; };
		ACE293CF19F5755216773EB4 /* SmokeTests.swift */ = {isa = PBXFileReference; includeInIndex = 1; lastKnownFileType = sourcecode.swift; path = SmokeTests.swift; sourceTree = "<group>"; };
		B31047A19FDBD38A25E06FE5 /* Cocoa.framework */ = {isa = PBXFileReference; lastKnownFileType = wrapper.framework; name = Cocoa.framework; path = Platforms/MacOSX.platform/Developer/SDKs/MacOSX15.0.sdk/System/Library/Frameworks/Cocoa.framework; sourceTree = DEVELOPER_DIR; };
		B7FF4D063EDF905115A8BC00 /* UpdaterInstaller.swift */ = {isa = PBXFileReference; includeInIndex = 1; lastKnownFileType = sourcecode.swift; path = UpdaterInstaller.swift; sourceTree = "<group>"; };
		BDC916F9062771862713F1C6 /* GitHubQueries.swift */ = {isa = PBXFileReference; includeInIndex = 1; lastKnownFileType = sourcecode.swift; path = GitHubQueries.swift; sourceTree = "<group>"; };
		C229004459323402F407C1AF /* PullRequestRowView.swift */ = {isa = PBXFileReference; includeInIndex = 1; lastKnownFileType = sourcecode.swift; path = PullRequestRowView.swift; sourceTree = "<group>"; };
		C8A14F461F9439B88FD904AC /* LaunchAtLoginSettings.swift */ = {isa = PBXFileReference; includeInIndex = 1; lastKnownFileType = sourcecode.swift; path = LaunchAtLoginSettings.swift; sourceTree = "<group>"; };
		C96AB440FC32E6A4BA15FB3E /* PullRequestModelDecodingTests.swift */ = {isa = PBXFileReference; includeInIndex = 1; lastKnownFileType = sourcecode.swift; path = PullRequestModelDecodingTests.swift; sourceTree = "<group>"; };
		CC615212162844C1CCE7BD10 /* MenuBarBadgeView.swift */ = {isa = PBXFileReference; includeInIndex = 1; lastKnownFileType = sourcecode.swift; path = MenuBarBadgeView.swift; sourceTree = "<group>"; };
		CEAF514F6CC1A5C680FC9CEA /* AppDelegate.swift */ = {isa = PBXFileReference; includeInIndex = 1; lastKnownFileType = sourcecode.swift; path = AppDelegate.swift; sourceTree = "<group>"; };
		D31882B1E05FEE595A690582 /* PullRequestModels.swift */ = {isa = PBXFileReference; includeInIndex = 1; lastKnownFileType = sourcecode.swift; path = PullRequestModels.swift; sourceTree = "<group>"; };
		E41E0854B0AE979BBF166A6E /* git-watchTests.xctest */ = {isa = PBXFileReference; explicitFileType = wrapper.cfbundle; includeInIndex = 0; path = "git-watchTests.xctest"; sourceTree = BUILT_PRODUCTS_DIR; };
		E462BBC95FCCC92B3170EE4A /* AppIcon.icns */ = {isa = PBXFileReference; includeInIndex = 1; path = AppIcon.icns; sourceTree = "<group>"; };
		E8EAB0222101424B0BDEDAC5 /* UpdateInstallPlanner.swift */ = {isa = PBXFileReference; includeInIndex = 1; lastKnownFileType = sourcecode.swift; path = UpdateInstallPlanner.swift; sourceTree = "<group>"; };
		EEACF9C9CE02154EF5DF9875 /* GitHubAuthTests.swift */ = {isa = PBXFileReference; includeInIndex = 1; lastKnownFileType = sourcecode.swift; path = GitHubAuthTests.swift; sourceTree = "<group>"; };
		F2854BD35ED7696D2CD99CC1 /* GitHubClient.swift */ = {isa = PBXFileReference; includeInIndex = 1; lastKnownFileType = sourcecode.swift; path = GitHubClient.swift; sourceTree = "<group>"; };
		F82F96FBAF5B91F108A27207 /* main.swift */ = {isa = PBXFileReference; includeInIndex = 1; lastKnownFileType = sourcecode.swift; path = main.swift; sourceTree = "<group>"; };
/* End PBXFileReference section */

/* Begin PBXFrameworksBuildPhase section */
		3BDC5476D7CEF4CDB11FD3BF /* Frameworks */ = {
			isa = PBXFrameworksBuildPhase;
			buildActionMask = 2147483647;
			files = (
				BA910D584F29FAB1B53B97CF /* Cocoa.framework in Frameworks */,
			);
			runOnlyForDeploymentPostprocessing = 0;
		};
		797F8C759A5C3AD9A2F43787 /* Frameworks */ = {
			isa = PBXFrameworksBuildPhase;
			buildActionMask = 2147483647;
			files = (
				10DF3EC8CF322F78911D51A0 /* Cocoa.framework in Frameworks */,
			);
			runOnlyForDeploymentPostprocessing = 0;
		};
		912F90856FB4EBC8F21F0F59 /* Frameworks */ = {
			isa = PBXFrameworksBuildPhase;
			buildActionMask = 2147483647;
			files = (
				2BBA205006A77E3759716BBC /* Cocoa.framework in Frameworks */,
			);
			runOnlyForDeploymentPostprocessing = 0;
		};
/* End PBXFrameworksBuildPhase section */

/* Begin PBXGroup section */
		00FB78AA5A4AFD9082DC71A8 /* Resources */ = {
			isa = PBXGroup;
			children = (
				E462BBC95FCCC92B3170EE4A /* AppIcon.icns */,
			);
			name = Resources;
			path = Resources;
			sourceTree = "<group>";
		};
		2969F9690FB3860E554C87B4 /* Frameworks */ = {
			isa = PBXGroup;
			children = (
				6BFAC1071EEFB640D8DA5FDB /* OS X */,
			);
			name = Frameworks;
			sourceTree = "<group>";
		};
		3194568C5735D5A65CC9E116 /* App */ = {
			isa = PBXGroup;
			children = (
				CEAF514F6CC1A5C680FC9CEA /* AppDelegate.swift */,
				F82F96FBAF5B91F108A27207 /* main.swift */,
			);
			name = App;
			path = App;
			sourceTree = "<group>";
		};
		3466E150135DF69035C95C4B /* git-watch */ = {
			isa = PBXGroup;
			children = (
				3D130E28C86E7E7FFFE8AEA2 /* Sources */,
				3194568C5735D5A65CC9E116 /* App */,
				447BC18E56C55B567E483996 /* Managers */,
				A0267B882C0192106CE03620 /* Views */,
				8F6C74C9BDB570FCD4357ED6 /* gitwatchUpdater */,
				00FB78AA5A4AFD9082DC71A8 /* Resources */,
				8045D9AE5A4C60C805606D0A /* git-watchTests */,
			);
			name = "git-watch";
			path = .;
			sourceTree = "<group>";
		};
		3AB0880D16FD0EBE4F610764 = {
			isa = PBXGroup;
			children = (
				DD746EE313D2A480C63F342C /* Products */,
				2969F9690FB3860E554C87B4 /* Frameworks */,
				3466E150135DF69035C95C4B /* git-watch */,
			);
			sourceTree = "<group>";
		};
		3D130E28C86E7E7FFFE8AEA2 /* Sources */ = {
			isa = PBXGroup;
			children = (
				CC615212162844C1CCE7BD10 /* MenuBarBadgeView.swift */,
			);
			name = Sources;
			path = .;
			sourceTree = "<group>";
		};
		447BC18E56C55B567E483996 /* Managers */ = {
			isa = PBXGroup;
			children = (
				4F2FDA6D56B9B4BC926075A0 /* AppVersionInfo.swift */,
				8677AA412172E541E3CD5FFD /* GitHubAuth.swift */,
				F2854BD35ED7696D2CD99CC1 /* GitHubClient.swift */,
				BDC916F9062771862713F1C6 /* GitHubQueries.swift */,
				5E4F1EF9265AD71CB4A970D4 /* GitHubSettings.swift */,
				C8A14F461F9439B88FD904AC /* LaunchAtLoginSettings.swift */,
				D31882B1E05FEE595A690582 /* PullRequestModels.swift */,
				AA0974196F47D3CAC15E51A9 /* PullRequestStore.swift */,
				27C0E553750F2BEBB5155696 /* ThemeManager.swift */,
				08B3FF4AD447B3D265C336D9 /* UpdateGitHubClient.swift */,
				E8EAB0222101424B0BDEDAC5 /* UpdateInstallPlanner.swift */,
				7A082067B5233F5565102EFC /* UpdateManager.swift */,
				97800D6BFF0F4404B654458B /* UpdateModels.swift */,
			);
			name = Managers;
			path = Managers;
			sourceTree = "<group>";
		};
		6BFAC1071EEFB640D8DA5FDB /* OS X */ = {
			isa = PBXGroup;
			children = (
				B31047A19FDBD38A25E06FE5 /* Cocoa.framework */,
			);
			name = "OS X";
			sourceTree = "<group>";
		};
		8045D9AE5A4C60C805606D0A /* git-watchTests */ = {
			isa = PBXGroup;
			children = (
				EEACF9C9CE02154EF5DF9875 /* GitHubAuthTests.swift */,
				34DF749DA12F3B3C11CF82EF /* PullRequestClassifierTests.swift */,
				C96AB440FC32E6A4BA15FB3E /* PullRequestModelDecodingTests.swift */,
				620416208C932A6EAC75916B /* PullRequestStoreLifecycleTests.swift */,
				ACE293CF19F5755216773EB4 /* SmokeTests.swift */,
				15C46B1739A9C8E5A0BFF049 /* TestSupport.swift */,
			);
			name = "git-watchTests";
			path = "git-watchTests";
			sourceTree = "<group>";
		};
		8F6C74C9BDB570FCD4357ED6 /* gitwatchUpdater */ = {
			isa = PBXGroup;
			children = (
				3E9C0E6D9DFD0997A32FD44E /* UpdaterAppDelegate.swift */,
				B7FF4D063EDF905115A8BC00 /* UpdaterInstaller.swift */,
				91DC5F98EA89E518067196ED /* UpdaterWindowController.swift */,
				0EED1F5085C684A3CBD7B674 /* main.swift */,
			);
			name = gitwatchUpdater;
			path = gitwatchUpdater;
			sourceTree = "<group>";
		};
		A0267B882C0192106CE03620 /* Views */ = {
			isa = PBXGroup;
			children = (
				2DE742C83564CDBFF699895E /* Colors.swift */,
				A87816B98877CFCCBE6FC475 /* PanelView.swift */,
				C229004459323402F407C1AF /* PullRequestRowView.swift */,
				25304D5ACCB38F2F636E8EB7 /* SettingsView.swift */,
			);
			name = Views;
			path = Views;
			sourceTree = "<group>";
		};
		DD746EE313D2A480C63F342C /* Products */ = {
			isa = PBXGroup;
			children = (
				607EE2DF9C0D8A3A2D970286 /* git-watch.app */,
				275EEF8674228261F17C639B /* GitWatchUpdater.app */,
				E41E0854B0AE979BBF166A6E /* git-watchTests.xctest */,
			);
			name = Products;
			sourceTree = "<group>";
		};
/* End PBXGroup section */

/* Begin PBXNativeTarget section */
		00AC7ABDE7F03EA635A381B0 /* git-watch */ = {
			isa = PBXNativeTarget;
			buildConfigurationList = 86F96C2EE21C80D78B2EF524 /* Build configuration list for PBXNativeTarget "git-watch" */;
			buildPhases = (
				476353AE8E1CC3C67DC4EF59 /* Sources */,
				912F90856FB4EBC8F21F0F59 /* Frameworks */,
				67BC45335BB87CEFBC03F584 /* Resources */,
				FF97DF4186647614D1A4CDAF /* Embed Helper */,
			);
			buildRules = (
			);
			dependencies = (
			);
			name = "git-watch";
			productName = GitWatch;
			productReference = 607EE2DF9C0D8A3A2D970286 /* git-watch.app */;
			productType = "com.apple.product-type.application";
		};
		0B9ECEA0FC042D9B3081DA6F /* git-watchTests */ = {
			isa = PBXNativeTarget;
			buildConfigurationList = 87F30FF61415A11C0A9D41E9 /* Build configuration list for PBXNativeTarget "git-watchTests" */;
			buildPhases = (
				CFFEC1C444CAB3F5FD903438 /* Sources */,
				797F8C759A5C3AD9A2F43787 /* Frameworks */,
				1F7B385CA808C16780B7E2BD /* Resources */,
			);
			buildRules = (
			);
			dependencies = (
				BDE5822599BCBD5D278199B5 /* PBXTargetDependency */,
			);
			name = "git-watchTests";
			productName = "git-watchTests";
			productReference = E41E0854B0AE979BBF166A6E /* git-watchTests.xctest */;
			productType = "com.apple.product-type.bundle.unit-test";
		};
		97669C82082D1216085E7773 /* GitWatchUpdater */ = {
			isa = PBXNativeTarget;
			buildConfigurationList = 4C00E765F3C9F19BAD93D68D /* Build configuration list for PBXNativeTarget "GitWatchUpdater" */;
			buildPhases = (
				A305927DF15CBDD9D9CE1A68 /* Sources */,
				3BDC5476D7CEF4CDB11FD3BF /* Frameworks */,
				FE2EBC106746A7C2A98219E7 /* Resources */,
			);
			buildRules = (
			);
			dependencies = (
			);
			name = GitWatchUpdater;
			productName = GitWatchUpdater;
			productReference = 275EEF8674228261F17C639B /* GitWatchUpdater.app */;
			productType = "com.apple.product-type.application";
		};
/* End PBXNativeTarget section */

/* Begin PBXProject section */
		B52D4554CBA609FA26B7AD23 /* Project object */ = {
			isa = PBXProject;
			attributes = {
				LastSwiftUpdateCheck = 1600;
				LastUpgradeCheck = 1600;
			};
			buildConfigurationList = F4A566CC4B26281E372EEB77 /* Build configuration list for PBXProject "git-watch" */;
			compatibilityVersion = "Xcode 3.2";
			developmentRegion = en;
			hasScannedForEncodings = 0;
			knownRegions = (
				en,
				Base,
			);
			mainGroup = 3AB0880D16FD0EBE4F610764;
			minimizedProjectReferenceProxies = 0;
			preferredProjectObjectVersion = 77;
			productRefGroup = DD746EE313D2A480C63F342C /* Products */;
			projectDirPath = "";
			projectRoot = "";
			targets = (
				00AC7ABDE7F03EA635A381B0 /* git-watch */,
				97669C82082D1216085E7773 /* GitWatchUpdater */,
				0B9ECEA0FC042D9B3081DA6F /* git-watchTests */,
			);
		};
/* End PBXProject section */

/* Begin PBXResourcesBuildPhase section */
		1F7B385CA808C16780B7E2BD /* Resources */ = {
			isa = PBXResourcesBuildPhase;
			buildActionMask = 2147483647;
			files = (
			);
			runOnlyForDeploymentPostprocessing = 0;
		};
		67BC45335BB87CEFBC03F584 /* Resources */ = {
			isa = PBXResourcesBuildPhase;
			buildActionMask = 2147483647;
			files = (
				8C37F7602BB753FEE71C1239 /* AppIcon.icns in Resources */,
			);
			runOnlyForDeploymentPostprocessing = 0;
		};
		FE2EBC106746A7C2A98219E7 /* Resources */ = {
			isa = PBXResourcesBuildPhase;
			buildActionMask = 2147483647;
			files = (
			);
			runOnlyForDeploymentPostprocessing = 0;
		};
/* End PBXResourcesBuildPhase section */

/* Begin PBXSourcesBuildPhase section */
		476353AE8E1CC3C67DC4EF59 /* Sources */ = {
			isa = PBXSourcesBuildPhase;
			buildActionMask = 2147483647;
			files = (
				89AC2C41B1C175217FEF32D9 /* AppDelegate.swift in Sources */,
				7676398A3E10693A0DBF4BEC /* main.swift in Sources */,
				B1EA93FBC185409686E1ECF1 /* AppVersionInfo.swift in Sources */,
				9CDB85188EFF10807EFC9787 /* GitHubAuth.swift in Sources */,
				DB9D034CA8588927444A4DD4 /* GitHubClient.swift in Sources */,
				2B1D878496294C9EFE7EF271 /* GitHubQueries.swift in Sources */,
				D805B50014C8E91EC0796ADD /* GitHubSettings.swift in Sources */,
				2270CF17CEC85CD5D236F00D /* LaunchAtLoginSettings.swift in Sources */,
				B8C803031EEE2A6922E05D3B /* PullRequestModels.swift in Sources */,
				B433D0A4C2C31DF8FE2428CB /* PullRequestStore.swift in Sources */,
				B541FC9D5B6B05601A208E30 /* ThemeManager.swift in Sources */,
				72514943A487B2AD98A79943 /* UpdateGitHubClient.swift in Sources */,
				DEEB0C5BB2601D9D21725F12 /* UpdateInstallPlanner.swift in Sources */,
				ED43EDC5703851594ADB610B /* UpdateManager.swift in Sources */,
				5986F868A9D71F331D26E30E /* UpdateModels.swift in Sources */,
				CBD179346F53B1DBF2476E44 /* Colors.swift in Sources */,
				9CFFAA56AAE065A859300E11 /* PanelView.swift in Sources */,
				02EC81EA17B1BDC10A215AC2 /* PullRequestRowView.swift in Sources */,
				A3A7A017B271EC15F6CA9D50 /* SettingsView.swift in Sources */,
				311F16662AC9789E887B1265 /* MenuBarBadgeView.swift in Sources */,
			);
			runOnlyForDeploymentPostprocessing = 0;
		};
		A305927DF15CBDD9D9CE1A68 /* Sources */ = {
			isa = PBXSourcesBuildPhase;
			buildActionMask = 2147483647;
			files = (
				E484DEF003499304635E6D4F /* UpdaterAppDelegate.swift in Sources */,
				87D17516E300857428253A13 /* UpdaterInstaller.swift in Sources */,
				F04F57EFC9B7A1DEF99A58A4 /* UpdaterWindowController.swift in Sources */,
				4F1614E8DB1D82A8B7DB59D1 /* main.swift in Sources */,
				5EE8E34CF009E0C00B30A4E4 /* UpdateModels.swift in Sources */,
			);
			runOnlyForDeploymentPostprocessing = 0;
		};
		CFFEC1C444CAB3F5FD903438 /* Sources */ = {
			isa = PBXSourcesBuildPhase;
			buildActionMask = 2147483647;
			files = (
				DA862105E69636C8E4A837AF /* GitHubAuthTests.swift in Sources */,
				DB5B60D230AABD06E7FAED66 /* PullRequestClassifierTests.swift in Sources */,
				5D807991D9ADAC6DC1A7E90E /* PullRequestModelDecodingTests.swift in Sources */,
				9ABB5DF9CA30F43DE5A29C6D /* PullRequestStoreLifecycleTests.swift in Sources */,
				C1AB571B9E408D7549E6F3E4 /* SmokeTests.swift in Sources */,
				4C1840A9006A31BB9D96A22C /* TestSupport.swift in Sources */,
			);
			runOnlyForDeploymentPostprocessing = 0;
		};
/* End PBXSourcesBuildPhase section */

/* Begin PBXTargetDependency section */
		BDE5822599BCBD5D278199B5 /* PBXTargetDependency */ = {
			isa = PBXTargetDependency;
			name = "git-watch";
			target = 00AC7ABDE7F03EA635A381B0 /* git-watch */;
			targetProxy = C4463D8CF7AACCA4949FC958 /* PBXContainerItemProxy */;
		};
/* End PBXTargetDependency section */

/* Begin XCBuildConfiguration section */
		22C327659E35D021B6DCA5FA /* Debug */ = {
			isa = XCBuildConfiguration;
			buildSettings = {
				ASSETCATALOG_COMPILER_APPICON_NAME = AppIcon;
				ASSETCATALOG_COMPILER_GLOBAL_ACCENT_COLOR_NAME = AccentColor;
				CODE_SIGN_IDENTITY = "-";
				COMBINE_HIDPI_IMAGES = YES;
				CURRENT_PROJECT_VERSION = 1;
				GENERATE_INFOPLIST_FILE = YES;
				INFOPLIST_KEY_LSUIElement = YES;
				LD_RUNPATH_SEARCH_PATHS = "$(inherited) @executable_path/../Frameworks";
				MACOSX_DEPLOYMENT_TARGET = 14.0;
				MARKETING_VERSION = 1.0.0;
				PRODUCT_BUNDLE_IDENTIFIER = com.rejacky.GitWatchUpdater;
				SDKROOT = macosx;
				SWIFT_VERSION = 5.9;
			};
			name = Debug;
		};
		28667A40938688615ECE0509 /* Debug */ = {
			isa = XCBuildConfiguration;
			buildSettings = {
				ASSETCATALOG_COMPILER_APPICON_NAME = AppIcon;
				ASSETCATALOG_COMPILER_GLOBAL_ACCENT_COLOR_NAME = AccentColor;
				CODE_SIGN_IDENTITY = "-";
				CODE_SIGN_STYLE = Automatic;
				COMBINE_HIDPI_IMAGES = YES;
				CURRENT_PROJECT_VERSION = 1;
				ENABLE_HARDENED_RUNTIME = YES;
				GENERATE_INFOPLIST_FILE = NO;
				INFOPLIST_FILE = Info.plist;
				LD_RUNPATH_SEARCH_PATHS = "$(inherited) @executable_path/../Frameworks";
				MACOSX_DEPLOYMENT_TARGET = 14.0;
				MARKETING_VERSION = 1.0.0;
				PRODUCT_BUNDLE_IDENTIFIER = com.rejacky.gitwatch;
				PRODUCT_MODULE_NAME = git_watch;
				PRODUCT_NAME = GitWatch;
				SDKROOT = macosx;
				SWIFT_VERSION = 5.9;
			};
			name = Debug;
		};
		3C7008C85318C56E611E452D /* Release */ = {
			isa = XCBuildConfiguration;
			buildSettings = {
				ASSETCATALOG_COMPILER_APPICON_NAME = AppIcon;
				ASSETCATALOG_COMPILER_GLOBAL_ACCENT_COLOR_NAME = AccentColor;
				CODE_SIGN_IDENTITY = "-";
				CODE_SIGN_STYLE = Automatic;
				COMBINE_HIDPI_IMAGES = YES;
				CURRENT_PROJECT_VERSION = 1;
				ENABLE_HARDENED_RUNTIME = YES;
				GENERATE_INFOPLIST_FILE = NO;
				INFOPLIST_FILE = Info.plist;
				LD_RUNPATH_SEARCH_PATHS = "$(inherited) @executable_path/../Frameworks";
				MACOSX_DEPLOYMENT_TARGET = 14.0;
				MARKETING_VERSION = 1.0.0;
				PRODUCT_BUNDLE_IDENTIFIER = com.rejacky.gitwatch;
				PRODUCT_MODULE_NAME = git_watch;
				PRODUCT_NAME = GitWatch;
				SDKROOT = macosx;
				SWIFT_VERSION = 5.9;
			};
			name = Release;
		};
		67FCDF887648EF1A4F3E9597 /* Release */ = {
			isa = XCBuildConfiguration;
			buildSettings = {
				ALWAYS_SEARCH_USER_PATHS = NO;
				CLANG_ANALYZER_NONNULL = YES;
				CLANG_ANALYZER_NUMBER_OBJECT_CONVERSION = YES_AGGRESSIVE;
				CLANG_CXX_LANGUAGE_STANDARD = "gnu++14";
				CLANG_CXX_LIBRARY = "libc++";
				CLANG_ENABLE_MODULES = YES;
				CLANG_ENABLE_OBJC_ARC = YES;
				CLANG_ENABLE_OBJC_WEAK = YES;
				CLANG_WARN_BLOCK_CAPTURE_AUTORELEASING = YES;
				CLANG_WARN_BOOL_CONVERSION = YES;
				CLANG_WARN_COMMA = YES;
				CLANG_WARN_CONSTANT_CONVERSION = YES;
				CLANG_WARN_DEPRECATED_OBJC_IMPLEMENTATIONS = YES;
				CLANG_WARN_DIRECT_OBJC_ISA_USAGE = YES_ERROR;
				CLANG_WARN_DOCUMENTATION_COMMENTS = YES;
				CLANG_WARN_EMPTY_BODY = YES;
				CLANG_WARN_ENUM_CONVERSION = YES;
				CLANG_WARN_INFINITE_RECURSION = YES;
				CLANG_WARN_INT_CONVERSION = YES;
				CLANG_WARN_NON_LITERAL_NULL_CONVERSION = YES;
				CLANG_WARN_OBJC_IMPLICIT_RETAIN_SELF = YES;
				CLANG_WARN_OBJC_LITERAL_CONVERSION = YES;
				CLANG_WARN_OBJC_ROOT_CLASS = YES_ERROR;
				CLANG_WARN_QUOTED_INCLUDE_IN_FRAMEWORK_HEADER = YES;
				CLANG_WARN_RANGE_LOOP_ANALYSIS = YES;
				CLANG_WARN_STRICT_PROTOTYPES = YES;
				CLANG_WARN_SUSPICIOUS_MOVE = YES;
				CLANG_WARN_UNGUARDED_AVAILABILITY = YES_AGGRESSIVE;
				CLANG_WARN_UNREACHABLE_CODE = YES;
				CLANG_WARN__DUPLICATE_METHOD_MATCH = YES;
				COPY_PHASE_STRIP = NO;
				DEBUG_INFORMATION_FORMAT = "dwarf-with-dsym";
				ENABLE_NS_ASSERTIONS = NO;
				ENABLE_STRICT_OBJC_MSGSEND = YES;
				GCC_C_LANGUAGE_STANDARD = gnu11;
				GCC_NO_COMMON_BLOCKS = YES;
				GCC_WARN_64_TO_32_BIT_CONVERSION = YES;
				GCC_WARN_ABOUT_RETURN_TYPE = YES_ERROR;
				GCC_WARN_UNDECLARED_SELECTOR = YES;
				GCC_WARN_UNINITIALIZED_AUTOS = YES_AGGRESSIVE;
				GCC_WARN_UNUSED_FUNCTION = YES;
				GCC_WARN_UNUSED_VARIABLE = YES;
				MTL_ENABLE_DEBUG_INFO = NO;
				MTL_FAST_MATH = YES;
				PRODUCT_NAME = "$(TARGET_NAME)";
				SWIFT_COMPILATION_MODE = wholemodule;
				SWIFT_OPTIMIZATION_LEVEL = "-O";
				SWIFT_VERSION = 5.0;
			};
			name = Release;
		};
		B5E71FAE7785218FB3D38684 /* Release */ = {
			isa = XCBuildConfiguration;
			buildSettings = {
				ASSETCATALOG_COMPILER_APPICON_NAME = AppIcon;
				ASSETCATALOG_COMPILER_GLOBAL_ACCENT_COLOR_NAME = AccentColor;
				CODE_SIGN_IDENTITY = "-";
				COMBINE_HIDPI_IMAGES = YES;
				CURRENT_PROJECT_VERSION = 1;
				GENERATE_INFOPLIST_FILE = YES;
				INFOPLIST_KEY_LSUIElement = YES;
				LD_RUNPATH_SEARCH_PATHS = "$(inherited) @executable_path/../Frameworks";
				MACOSX_DEPLOYMENT_TARGET = 14.0;
				MARKETING_VERSION = 1.0.0;
				PRODUCT_BUNDLE_IDENTIFIER = com.rejacky.GitWatchUpdater;
				SDKROOT = macosx;
				SWIFT_VERSION = 5.9;
			};
			name = Release;
		};
		D458820EAA0D61572166CE3C /* Debug */ = {
			isa = XCBuildConfiguration;
			buildSettings = {
				BUNDLE_LOADER = "$(TEST_HOST)";
				GENERATE_INFOPLIST_FILE = YES;
				MACOSX_DEPLOYMENT_TARGET = 14.0;
				PRODUCT_BUNDLE_IDENTIFIER = com.rejacky.gitwatchTests;
				SDKROOT = macosx;
				SWIFT_VERSION = 5.9;
				TEST_HOST = "$(BUILT_PRODUCTS_DIR)/GitWatch.app/Contents/MacOS/GitWatch";
			};
			name = Debug;
		};
		E5DA6E0F1049D6B58C0D8703 /* Debug */ = {
			isa = XCBuildConfiguration;
			buildSettings = {
				ALWAYS_SEARCH_USER_PATHS = NO;
				CLANG_ANALYZER_NONNULL = YES;
				CLANG_ANALYZER_NUMBER_OBJECT_CONVERSION = YES_AGGRESSIVE;
				CLANG_CXX_LANGUAGE_STANDARD = "gnu++14";
				CLANG_CXX_LIBRARY = "libc++";
				CLANG_ENABLE_MODULES = YES;
				CLANG_ENABLE_OBJC_ARC = YES;
				CLANG_ENABLE_OBJC_WEAK = YES;
				CLANG_WARN_BLOCK_CAPTURE_AUTORELEASING = YES;
				CLANG_WARN_BOOL_CONVERSION = YES;
				CLANG_WARN_COMMA = YES;
				CLANG_WARN_CONSTANT_CONVERSION = YES;
				CLANG_WARN_DEPRECATED_OBJC_IMPLEMENTATIONS = YES;
				CLANG_WARN_DIRECT_OBJC_ISA_USAGE = YES_ERROR;
				CLANG_WARN_DOCUMENTATION_COMMENTS = YES;
				CLANG_WARN_EMPTY_BODY = YES;
				CLANG_WARN_ENUM_CONVERSION = YES;
				CLANG_WARN_INFINITE_RECURSION = YES;
				CLANG_WARN_INT_CONVERSION = YES;
				CLANG_WARN_NON_LITERAL_NULL_CONVERSION = YES;
				CLANG_WARN_OBJC_IMPLICIT_RETAIN_SELF = YES;
				CLANG_WARN_OBJC_LITERAL_CONVERSION = YES;
				CLANG_WARN_OBJC_ROOT_CLASS = YES_ERROR;
				CLANG_WARN_QUOTED_INCLUDE_IN_FRAMEWORK_HEADER = YES;
				CLANG_WARN_RANGE_LOOP_ANALYSIS = YES;
				CLANG_WARN_STRICT_PROTOTYPES = YES;
				CLANG_WARN_SUSPICIOUS_MOVE = YES;
				CLANG_WARN_UNGUARDED_AVAILABILITY = YES_AGGRESSIVE;
				CLANG_WARN_UNREACHABLE_CODE = YES;
				CLANG_WARN__DUPLICATE_METHOD_MATCH = YES;
				COPY_PHASE_STRIP = NO;
				DEBUG_INFORMATION_FORMAT = dwarf;
				ENABLE_STRICT_OBJC_MSGSEND = YES;
				ENABLE_TESTABILITY = YES;
				GCC_C_LANGUAGE_STANDARD = gnu11;
				GCC_DYNAMIC_NO_PIC = NO;
				GCC_NO_COMMON_BLOCKS = YES;
				GCC_OPTIMIZATION_LEVEL = 0;
				GCC_PREPROCESSOR_DEFINITIONS = (
					"DEBUG=1",
					"$(inherited)",
				);
				GCC_WARN_64_TO_32_BIT_CONVERSION = YES;
				GCC_WARN_ABOUT_RETURN_TYPE = YES_ERROR;
				GCC_WARN_UNDECLARED_SELECTOR = YES;
				GCC_WARN_UNINITIALIZED_AUTOS = YES_AGGRESSIVE;
				GCC_WARN_UNUSED_FUNCTION = YES;
				GCC_WARN_UNUSED_VARIABLE = YES;
				MTL_ENABLE_DEBUG_INFO = INCLUDE_SOURCE;
				MTL_FAST_MATH = YES;
				ONLY_ACTIVE_ARCH = YES;
				PRODUCT_NAME = "$(TARGET_NAME)";
				SWIFT_ACTIVE_COMPILATION_CONDITIONS = DEBUG;
				SWIFT_OPTIMIZATION_LEVEL = "-Onone";
				SWIFT_VERSION = 5.0;
			};
			name = Debug;
		};
		E8E0CE4E1811489BD6CB0434 /* Release */ = {
			isa = XCBuildConfiguration;
			buildSettings = {
				BUNDLE_LOADER = "$(TEST_HOST)";
				GENERATE_INFOPLIST_FILE = YES;
				MACOSX_DEPLOYMENT_TARGET = 14.0;
				PRODUCT_BUNDLE_IDENTIFIER = com.rejacky.gitwatchTests;
				SDKROOT = macosx;
				SWIFT_VERSION = 5.9;
				TEST_HOST = "$(BUILT_PRODUCTS_DIR)/GitWatch.app/Contents/MacOS/GitWatch";
			};
			name = Release;
		};
/* End XCBuildConfiguration section */

/* Begin XCConfigurationList section */
		4C00E765F3C9F19BAD93D68D /* Build configuration list for PBXNativeTarget "GitWatchUpdater" */ = {
			isa = XCConfigurationList;
			buildConfigurations = (
				B5E71FAE7785218FB3D38684 /* Release */,
				22C327659E35D021B6DCA5FA /* Debug */,
			);
			defaultConfigurationIsVisible = 0;
			defaultConfigurationName = Release;
		};
		86F96C2EE21C80D78B2EF524 /* Build configuration list for PBXNativeTarget "git-watch" */ = {
			isa = XCConfigurationList;
			buildConfigurations = (
				3C7008C85318C56E611E452D /* Release */,
				28667A40938688615ECE0509 /* Debug */,
			);
			defaultConfigurationIsVisible = 0;
			defaultConfigurationName = Release;
		};
		87F30FF61415A11C0A9D41E9 /* Build configuration list for PBXNativeTarget "git-watchTests" */ = {
			isa = XCConfigurationList;
			buildConfigurations = (
				E8E0CE4E1811489BD6CB0434 /* Release */,
				D458820EAA0D61572166CE3C /* Debug */,
			);
			defaultConfigurationIsVisible = 0;
			defaultConfigurationName = Release;
		};
		F4A566CC4B26281E372EEB77 /* Build configuration list for PBXProject "git-watch" */ = {
			isa = XCConfigurationList;
			buildConfigurations = (
				E5DA6E0F1049D6B58C0D8703 /* Debug */,
				67FCDF887648EF1A4F3E9597 /* Release */,
			);
			defaultConfigurationIsVisible = 0;
			defaultConfigurationName = Release;
		};
/* End XCConfigurationList section */
	};
	rootObject = B52D4554CBA609FA26B7AD23 /* Project object */;
}
