// !$*UTF8*$!
{
	archiveVersion = 1;
	classes = {
	};
	objectVersion = 46;
	objects = {

/* Begin PBXBuildFile section */
		0629275990A45BA75C38E965 /* MenuBarBadgeView.swift in Sources */ = {isa = PBXBuildFile; fileRef = 1FDEEBDD89834E9705955048 /* MenuBarBadgeView.swift */; };
		0A0A3AFDFEDF48F16B212EE1 /* GitHubQueries.swift in Sources */ = {isa = PBXBuildFile; fileRef = 4456D2A155E4D2913D6303CE /* GitHubQueries.swift */; };
		0E684AB55EAF2165D9327772 /* PullRequestStore.swift in Sources */ = {isa = PBXBuildFile; fileRef = 23193E0226539DE02F308131 /* PullRequestStore.swift */; };
		12235F259535DD614D1BF905 /* UpdaterWindowController.swift in Sources */ = {isa = PBXBuildFile; fileRef = 3A6275096DA9C48D54F2F739 /* UpdaterWindowController.swift */; };
		1DCE4E4B73A76340E3E88C61 /* main.swift in Sources */ = {isa = PBXBuildFile; fileRef = 1B65D3F44B9BD7A4364F868E /* main.swift */; };
		22FDA248A4A516301B953910 /* UpdateModels.swift in Sources */ = {isa = PBXBuildFile; fileRef = F3BF63852E04A4667EA2D351 /* UpdateModels.swift */; };
		232A1C3F7CD7388377B346BA /* SettingsView.swift in Sources */ = {isa = PBXBuildFile; fileRef = 5F518B5614F4D57EA9A6A2B6 /* SettingsView.swift */; };
		25CA9EFE3EEC713B47ACA85C /* Cocoa.framework in Frameworks */ = {isa = PBXBuildFile; fileRef = DC18236730B4980A6F74720C /* Cocoa.framework */; };
		2D6F8C55C4AE17225EB9885C /* AppIcon.icns in Resources */ = {isa = PBXBuildFile; fileRef = A5C3CCEC65F5846CDCB45F03 /* AppIcon.icns */; };
		478F1F3879041DFB43C12741 /* GitHubSettings.swift in Sources */ = {isa = PBXBuildFile; fileRef = E9E0C7B79051D3AFFF18C409 /* GitHubSettings.swift */; };
		4EF6E97B81FC08DE49C9F6AB /* AppDelegate.swift in Sources */ = {isa = PBXBuildFile; fileRef = 31B4B08C9C4B65BBFA968A94 /* AppDelegate.swift */; };
		51E26D8EBC0B552FCEBAEFD0 /* UpdaterAppDelegate.swift in Sources */ = {isa = PBXBuildFile; fileRef = 6965ECE20FECBA728D8292E2 /* UpdaterAppDelegate.swift */; };
		59262E2C5AC9ADB9DE73306D /* Cocoa.framework in Frameworks */ = {isa = PBXBuildFile; fileRef = DC18236730B4980A6F74720C /* Cocoa.framework */; };
		6AAD59D774A33F7C35666DED /* main.swift in Sources */ = {isa = PBXBuildFile; fileRef = 6867490D9F60C02F30AD8696 /* main.swift */; };
		6AB5E9612D58844F92F5F770 /* PullRequestModels.swift in Sources */ = {isa = PBXBuildFile; fileRef = 137D5320404D1C99573353BD /* PullRequestModels.swift */; };
		6D4D1B21C31BDCB8D33A11CC /* UpdateInstallPlanner.swift in Sources */ = {isa = PBXBuildFile; fileRef = 49C1CE19AFFBBCF57E5D3E3A /* UpdateInstallPlanner.swift */; };
		75B1315E4EF94B837564D879 /* GitWatchUpdater.app in Embed Helper */ = {isa = PBXBuildFile; fileRef = 969D61A60BF8EFECA11EAC04 /* GitWatchUpdater.app */; };
		7E81C2F6B53A936EA411461D /* PanelView.swift in Sources */ = {isa = PBXBuildFile; fileRef = 2FF0AE467A1B168697847660 /* PanelView.swift */; };
		935620CE492E2962D58622E1 /* AppVersionInfo.swift in Sources */ = {isa = PBXBuildFile; fileRef = 2F6CE96746A8B2EBD72E7D94 /* AppVersionInfo.swift */; };
		9E28BC30ECE0F29BCF9D7013 /* ThemeManager.swift in Sources */ = {isa = PBXBuildFile; fileRef = 4BC38C0810F290B8FF69E6C1 /* ThemeManager.swift */; };
		A64DC53EB4D8E6BC3BCDCA9C /* UpdateGitHubClient.swift in Sources */ = {isa = PBXBuildFile; fileRef = F9D3F5CC949B21ADBC663A94 /* UpdateGitHubClient.swift */; };
		ABD106E61F7771CA0B5D687B /* GitHubAuth.swift in Sources */ = {isa = PBXBuildFile; fileRef = DC06608B00A381CC9ECF6E70 /* GitHubAuth.swift */; };
		ACA9275E0BA761EE2E2AFB1B /* GitHubClient.swift in Sources */ = {isa = PBXBuildFile; fileRef = A4EDECFCD7AD2D7D34A3ECE9 /* GitHubClient.swift */; };
		B3A715D0C9A684BAB92EA2D0 /* UpdateManager.swift in Sources */ = {isa = PBXBuildFile; fileRef = 12CABF31B7C0CCD384E5D028 /* UpdateManager.swift */; };
		B3B538EEA275AE65D8C1228E /* Cocoa.framework in Frameworks */ = {isa = PBXBuildFile; fileRef = DC18236730B4980A6F74720C /* Cocoa.framework */; };
		C37174DDDECEBB609EC1CB5D /* LaunchAtLoginSettings.swift in Sources */ = {isa = PBXBuildFile; fileRef = 1659E2DEEAF2E6CBE8E7E688 /* LaunchAtLoginSettings.swift */; };
		D079CEC207FA5A8E40324FE4 /* UpdaterInstaller.swift in Sources */ = {isa = PBXBuildFile; fileRef = CB8A37F6EF2A9BF28AC4772C /* UpdaterInstaller.swift */; };
		E019A34E4B9B167E06856EF1 /* PullRequestRowView.swift in Sources */ = {isa = PBXBuildFile; fileRef = 714C5C42B5DF6104BA362914 /* PullRequestRowView.swift */; };
		E73BE81780A4EBE2C1D5132C /* UpdateModels.swift in Sources */ = {isa = PBXBuildFile; fileRef = F3BF63852E04A4667EA2D351 /* UpdateModels.swift */; };
		E7BDFA6FDE2902DC26CE9B54 /* Colors.swift in Sources */ = {isa = PBXBuildFile; fileRef = 217782F6D3B3400188D361D6 /* Colors.swift */; };
/* End PBXBuildFile section */

/* Begin PBXContainerItemProxy section */
		243B400544302CAAD4E4D0A1 /* PBXContainerItemProxy */ = {
			isa = PBXContainerItemProxy;
			containerPortal = 0853A6F210CFF03B4B054BAE /* Project object */;
			proxyType = 1;
			remoteGlobalIDString = F3888EF4A81166CB82D5774A;
			remoteInfo = "git-watch";
		};
/* End PBXContainerItemProxy section */

/* Begin PBXCopyFilesBuildPhase section */
		B80BF12423499CBC8EA8FC33 /* Embed Helper */ = {
			isa = PBXCopyFilesBuildPhase;
			buildActionMask = 2147483647;
			dstPath = ../Helpers;
			dstSubfolderSpec = 10;
			files = (
				75B1315E4EF94B837564D879 /* GitWatchUpdater.app in Embed Helper */,
			);
			name = "Embed Helper";
			runOnlyForDeploymentPostprocessing = 0;
		};
/* End PBXCopyFilesBuildPhase section */

/* Begin PBXFileReference section */
		12CABF31B7C0CCD384E5D028 /* UpdateManager.swift */ = {isa = PBXFileReference; includeInIndex = 1; lastKnownFileType = sourcecode.swift; path = UpdateManager.swift; sourceTree = "<group>"; };
		137D5320404D1C99573353BD /* PullRequestModels.swift */ = {isa = PBXFileReference; includeInIndex = 1; lastKnownFileType = sourcecode.swift; path = PullRequestModels.swift; sourceTree = "<group>"; };
		1659E2DEEAF2E6CBE8E7E688 /* LaunchAtLoginSettings.swift */ = {isa = PBXFileReference; includeInIndex = 1; lastKnownFileType = sourcecode.swift; path = LaunchAtLoginSettings.swift; sourceTree = "<group>"; };
		1A02A9EC253F21773E108142 /* git-watchTests.xctest */ = {isa = PBXFileReference; explicitFileType = wrapper.cfbundle; includeInIndex = 0; path = "git-watchTests.xctest"; sourceTree = BUILT_PRODUCTS_DIR; };
		1B65D3F44B9BD7A4364F868E /* main.swift */ = {isa = PBXFileReference; includeInIndex = 1; lastKnownFileType = sourcecode.swift; path = main.swift; sourceTree = "<group>"; };
		1FDEEBDD89834E9705955048 /* MenuBarBadgeView.swift */ = {isa = PBXFileReference; includeInIndex = 1; lastKnownFileType = sourcecode.swift; path = MenuBarBadgeView.swift; sourceTree = "<group>"; };
		217782F6D3B3400188D361D6 /* Colors.swift */ = {isa = PBXFileReference; includeInIndex = 1; lastKnownFileType = sourcecode.swift; path = Colors.swift; sourceTree = "<group>"; };
		23193E0226539DE02F308131 /* PullRequestStore.swift */ = {isa = PBXFileReference; includeInIndex = 1; lastKnownFileType = sourcecode.swift; path = PullRequestStore.swift; sourceTree = "<group>"; };
		2F6CE96746A8B2EBD72E7D94 /* AppVersionInfo.swift */ = {isa = PBXFileReference; includeInIndex = 1; lastKnownFileType = sourcecode.swift; path = AppVersionInfo.swift; sourceTree = "<group>"; };
		2FF0AE467A1B168697847660 /* PanelView.swift */ = {isa = PBXFileReference; includeInIndex = 1; lastKnownFileType = sourcecode.swift; path = PanelView.swift; sourceTree = "<group>"; };
		31B4B08C9C4B65BBFA968A94 /* AppDelegate.swift */ = {isa = PBXFileReference; includeInIndex = 1; lastKnownFileType = sourcecode.swift; path = AppDelegate.swift; sourceTree = "<group>"; };
		3A6275096DA9C48D54F2F739 /* UpdaterWindowController.swift */ = {isa = PBXFileReference; includeInIndex = 1; lastKnownFileType = sourcecode.swift; path = UpdaterWindowController.swift; sourceTree = "<group>"; };
		4456D2A155E4D2913D6303CE /* GitHubQueries.swift */ = {isa = PBXFileReference; includeInIndex = 1; lastKnownFileType = sourcecode.swift; path = GitHubQueries.swift; sourceTree = "<group>"; };
		49C1CE19AFFBBCF57E5D3E3A /* UpdateInstallPlanner.swift */ = {isa = PBXFileReference; includeInIndex = 1; lastKnownFileType = sourcecode.swift; path = UpdateInstallPlanner.swift; sourceTree = "<group>"; };
		4BC38C0810F290B8FF69E6C1 /* ThemeManager.swift */ = {isa = PBXFileReference; includeInIndex = 1; lastKnownFileType = sourcecode.swift; path = ThemeManager.swift; sourceTree = "<group>"; };
		5F518B5614F4D57EA9A6A2B6 /* SettingsView.swift */ = {isa = PBXFileReference; includeInIndex = 1; lastKnownFileType = sourcecode.swift; path = SettingsView.swift; sourceTree = "<group>"; };
		6632434C59AD53A0C9CE2AEE /* git-watch.app */ = {isa = PBXFileReference; explicitFileType = wrapper.application; includeInIndex = 0; path = "git-watch.app"; sourceTree = BUILT_PRODUCTS_DIR; };
		6867490D9F60C02F30AD8696 /* main.swift */ = {isa = PBXFileReference; includeInIndex = 1; lastKnownFileType = sourcecode.swift; path = main.swift; sourceTree = "<group>"; };
		6965ECE20FECBA728D8292E2 /* UpdaterAppDelegate.swift */ = {isa = PBXFileReference; includeInIndex = 1; lastKnownFileType = sourcecode.swift; path = UpdaterAppDelegate.swift; sourceTree = "<group>"; };
		714C5C42B5DF6104BA362914 /* PullRequestRowView.swift */ = {isa = PBXFileReference; includeInIndex = 1; lastKnownFileType = sourcecode.swift; path = PullRequestRowView.swift; sourceTree = "<group>"; };
		969D61A60BF8EFECA11EAC04 /* GitWatchUpdater.app */ = {isa = PBXFileReference; explicitFileType = wrapper.application; includeInIndex = 0; path = GitWatchUpdater.app; sourceTree = BUILT_PRODUCTS_DIR; };
		A4EDECFCD7AD2D7D34A3ECE9 /* GitHubClient.swift */ = {isa = PBXFileReference; includeInIndex = 1; lastKnownFileType = sourcecode.swift; path = GitHubClient.swift; sourceTree = "<group>"; };
		A5C3CCEC65F5846CDCB45F03 /* AppIcon.icns */ = {isa = PBXFileReference; includeInIndex = 1; path = AppIcon.icns; sourceTree = "<group>"; };
		CB8A37F6EF2A9BF28AC4772C /* UpdaterInstaller.swift */ = {isa = PBXFileReference; includeInIndex = 1; lastKnownFileType = sourcecode.swift; path = UpdaterInstaller.swift; sourceTree = "<group>"; };
		DC06608B00A381CC9ECF6E70 /* GitHubAuth.swift */ = {isa = PBXFileReference; includeInIndex = 1; lastKnownFileType = sourcecode.swift; path = GitHubAuth.swift; sourceTree = "<group>"; };
		DC18236730B4980A6F74720C /* Cocoa.framework */ = {isa = PBXFileReference; lastKnownFileType = wrapper.framework; name = Cocoa.framework; path = Platforms/MacOSX.platform/Developer/SDKs/MacOSX15.0.sdk/System/Library/Frameworks/Cocoa.framework; sourceTree = DEVELOPER_DIR; };
		E9E0C7B79051D3AFFF18C409 /* GitHubSettings.swift */ = {isa = PBXFileReference; includeInIndex = 1; lastKnownFileType = sourcecode.swift; path = GitHubSettings.swift; sourceTree = "<group>"; };
		F3BF63852E04A4667EA2D351 /* UpdateModels.swift */ = {isa = PBXFileReference; includeInIndex = 1; lastKnownFileType = sourcecode.swift; path = UpdateModels.swift; sourceTree = "<group>"; };
		F9D3F5CC949B21ADBC663A94 /* UpdateGitHubClient.swift */ = {isa = PBXFileReference; includeInIndex = 1; lastKnownFileType = sourcecode.swift; path = UpdateGitHubClient.swift; sourceTree = "<group>"; };
/* End PBXFileReference section */

/* Begin PBXFrameworksBuildPhase section */
		14659EB0C0DF81FFD0FEB672 /* Frameworks */ = {
			isa = PBXFrameworksBuildPhase;
			buildActionMask = 2147483647;
			files = (
				59262E2C5AC9ADB9DE73306D /* Cocoa.framework in Frameworks */,
			);
			runOnlyForDeploymentPostprocessing = 0;
		};
		95116A922D35DE5DFBC1B961 /* Frameworks */ = {
			isa = PBXFrameworksBuildPhase;
			buildActionMask = 2147483647;
			files = (
				25CA9EFE3EEC713B47ACA85C /* Cocoa.framework in Frameworks */,
			);
			runOnlyForDeploymentPostprocessing = 0;
		};
		D4A1770F4765CB8B10FD6E12 /* Frameworks */ = {
			isa = PBXFrameworksBuildPhase;
			buildActionMask = 2147483647;
			files = (
				B3B538EEA275AE65D8C1228E /* Cocoa.framework in Frameworks */,
			);
			runOnlyForDeploymentPostprocessing = 0;
		};
/* End PBXFrameworksBuildPhase section */

/* Begin PBXGroup section */
		1CB94CB1822EC3C9732839F5 /* Products */ = {
			isa = PBXGroup;
			children = (
				6632434C59AD53A0C9CE2AEE /* git-watch.app */,
				969D61A60BF8EFECA11EAC04 /* GitWatchUpdater.app */,
				1A02A9EC253F21773E108142 /* git-watchTests.xctest */,
			);
			name = Products;
			sourceTree = "<group>";
		};
		22C62580A7518B073F559733 /* git-watch */ = {
			isa = PBXGroup;
			children = (
				640B686245DB811F2668E588 /* Sources */,
				AEA867CF4A4F73EB6F40FA00 /* App */,
				4B6AFBFA7D3BF8F644FB5088 /* Managers */,
				3E9ACDB52660F32C4E09C963 /* Views */,
				C7EDA52BFF93427956B9E819 /* gitwatchUpdater */,
				E37DFE6398D8DFBADBC44605 /* Resources */,
				892748E3C809454CB89655D5 /* git-watchTests */,
			);
			name = "git-watch";
			path = .;
			sourceTree = "<group>";
		};
		3E9ACDB52660F32C4E09C963 /* Views */ = {
			isa = PBXGroup;
			children = (
				217782F6D3B3400188D361D6 /* Colors.swift */,
				2FF0AE467A1B168697847660 /* PanelView.swift */,
				714C5C42B5DF6104BA362914 /* PullRequestRowView.swift */,
				5F518B5614F4D57EA9A6A2B6 /* SettingsView.swift */,
			);
			name = Views;
			path = Views;
			sourceTree = "<group>";
		};
		4B6AFBFA7D3BF8F644FB5088 /* Managers */ = {
			isa = PBXGroup;
			children = (
				2F6CE96746A8B2EBD72E7D94 /* AppVersionInfo.swift */,
				DC06608B00A381CC9ECF6E70 /* GitHubAuth.swift */,
				A4EDECFCD7AD2D7D34A3ECE9 /* GitHubClient.swift */,
				4456D2A155E4D2913D6303CE /* GitHubQueries.swift */,
				E9E0C7B79051D3AFFF18C409 /* GitHubSettings.swift */,
				1659E2DEEAF2E6CBE8E7E688 /* LaunchAtLoginSettings.swift */,
				137D5320404D1C99573353BD /* PullRequestModels.swift */,
				23193E0226539DE02F308131 /* PullRequestStore.swift */,
				4BC38C0810F290B8FF69E6C1 /* ThemeManager.swift */,
				F9D3F5CC949B21ADBC663A94 /* UpdateGitHubClient.swift */,
				49C1CE19AFFBBCF57E5D3E3A /* UpdateInstallPlanner.swift */,
				12CABF31B7C0CCD384E5D028 /* UpdateManager.swift */,
				F3BF63852E04A4667EA2D351 /* UpdateModels.swift */,
			);
			name = Managers;
			path = Managers;
			sourceTree = "<group>";
		};
		640B686245DB811F2668E588 /* Sources */ = {
			isa = PBXGroup;
			children = (
				1FDEEBDD89834E9705955048 /* MenuBarBadgeView.swift */,
			);
			name = Sources;
			path = .;
			sourceTree = "<group>";
		};
		892748E3C809454CB89655D5 /* git-watchTests */ = {
			isa = PBXGroup;
			children = (
			);
			name = "git-watchTests";
			path = "git-watchTests";
			sourceTree = "<group>";
		};
		99AB9F66345B69E31AB45C9E = {
			isa = PBXGroup;
			children = (
				1CB94CB1822EC3C9732839F5 /* Products */,
				BBCD7DFAE2D7852EB71A0505 /* Frameworks */,
				22C62580A7518B073F559733 /* git-watch */,
			);
			sourceTree = "<group>";
		};
		AEA867CF4A4F73EB6F40FA00 /* App */ = {
			isa = PBXGroup;
			children = (
				31B4B08C9C4B65BBFA968A94 /* AppDelegate.swift */,
				1B65D3F44B9BD7A4364F868E /* main.swift */,
			);
			name = App;
			path = App;
			sourceTree = "<group>";
		};
		B09128AB9ACFB52ECEE9500C /* OS X */ = {
			isa = PBXGroup;
			children = (
				DC18236730B4980A6F74720C /* Cocoa.framework */,
			);
			name = "OS X";
			sourceTree = "<group>";
		};
		BBCD7DFAE2D7852EB71A0505 /* Frameworks */ = {
			isa = PBXGroup;
			children = (
				B09128AB9ACFB52ECEE9500C /* OS X */,
			);
			name = Frameworks;
			sourceTree = "<group>";
		};
		C7EDA52BFF93427956B9E819 /* gitwatchUpdater */ = {
			isa = PBXGroup;
			children = (
				6965ECE20FECBA728D8292E2 /* UpdaterAppDelegate.swift */,
				CB8A37F6EF2A9BF28AC4772C /* UpdaterInstaller.swift */,
				3A6275096DA9C48D54F2F739 /* UpdaterWindowController.swift */,
				6867490D9F60C02F30AD8696 /* main.swift */,
			);
			name = gitwatchUpdater;
			path = gitwatchUpdater;
			sourceTree = "<group>";
		};
		E37DFE6398D8DFBADBC44605 /* Resources */ = {
			isa = PBXGroup;
			children = (
				A5C3CCEC65F5846CDCB45F03 /* AppIcon.icns */,
			);
			name = Resources;
			path = Resources;
			sourceTree = "<group>";
		};
/* End PBXGroup section */

/* Begin PBXNativeTarget section */
		68A7175058D61D1127AEA467 /* GitWatchUpdater */ = {
			isa = PBXNativeTarget;
			buildConfigurationList = 19775703EBB7536741DDD768 /* Build configuration list for PBXNativeTarget "GitWatchUpdater" */;
			buildPhases = (
				AF36A4F449BBF3084D7134B8 /* Sources */,
				95116A922D35DE5DFBC1B961 /* Frameworks */,
				26084F31E09211B2F95EBBC0 /* Resources */,
			);
			buildRules = (
			);
			dependencies = (
			);
			name = GitWatchUpdater;
			productName = GitWatchUpdater;
			productReference = 969D61A60BF8EFECA11EAC04 /* GitWatchUpdater.app */;
			productType = "com.apple.product-type.application";
		};
		883D774D507C16AFB062F705 /* git-watchTests */ = {
			isa = PBXNativeTarget;
			buildConfigurationList = B51893F72FF5EE0966A67AD4 /* Build configuration list for PBXNativeTarget "git-watchTests" */;
			buildPhases = (
				D44885AA268E9A61C6C722C1 /* Sources */,
				14659EB0C0DF81FFD0FEB672 /* Frameworks */,
				BD7C3B50B67CA33CA94DA6B3 /* Resources */,
			);
			buildRules = (
			);
			dependencies = (
				154CD3A2165B20D96EE29449 /* PBXTargetDependency */,
			);
			name = "git-watchTests";
			productName = "git-watchTests";
			productReference = 1A02A9EC253F21773E108142 /* git-watchTests.xctest */;
			productType = "com.apple.product-type.bundle.unit-test";
		};
		F3888EF4A81166CB82D5774A /* git-watch */ = {
			isa = PBXNativeTarget;
			buildConfigurationList = 95D35CE808B6A37FFC5FE7FD /* Build configuration list for PBXNativeTarget "git-watch" */;
			buildPhases = (
				6D33F3111B25B5AC8A57C2CF /* Sources */,
				D4A1770F4765CB8B10FD6E12 /* Frameworks */,
				48605E7D6E08123EC3E2AC0F /* Resources */,
				B80BF12423499CBC8EA8FC33 /* Embed Helper */,
			);
			buildRules = (
			);
			dependencies = (
			);
			name = "git-watch";
			productName = GitWatch;
			productReference = 6632434C59AD53A0C9CE2AEE /* git-watch.app */;
			productType = "com.apple.product-type.application";
		};
/* End PBXNativeTarget section */

/* Begin PBXProject section */
		0853A6F210CFF03B4B054BAE /* Project object */ = {
			isa = PBXProject;
			attributes = {
				LastSwiftUpdateCheck = 1600;
				LastUpgradeCheck = 1600;
			};
			buildConfigurationList = A3A43833BC09288CC1FB1046 /* Build configuration list for PBXProject "git-watch" */;
			compatibilityVersion = "Xcode 3.2";
			developmentRegion = en;
			hasScannedForEncodings = 0;
			knownRegions = (
				en,
				Base,
			);
			mainGroup = 99AB9F66345B69E31AB45C9E;
			minimizedProjectReferenceProxies = 0;
			preferredProjectObjectVersion = 77;
			productRefGroup = 1CB94CB1822EC3C9732839F5 /* Products */;
			projectDirPath = "";
			projectRoot = "";
			targets = (
				F3888EF4A81166CB82D5774A /* git-watch */,
				68A7175058D61D1127AEA467 /* GitWatchUpdater */,
				883D774D507C16AFB062F705 /* git-watchTests */,
			);
		};
/* End PBXProject section */

/* Begin PBXResourcesBuildPhase section */
		26084F31E09211B2F95EBBC0 /* Resources */ = {
			isa = PBXResourcesBuildPhase;
			buildActionMask = 2147483647;
			files = (
			);
			runOnlyForDeploymentPostprocessing = 0;
		};
		48605E7D6E08123EC3E2AC0F /* Resources */ = {
			isa = PBXResourcesBuildPhase;
			buildActionMask = 2147483647;
			files = (
				2D6F8C55C4AE17225EB9885C /* AppIcon.icns in Resources */,
			);
			runOnlyForDeploymentPostprocessing = 0;
		};
		BD7C3B50B67CA33CA94DA6B3 /* Resources */ = {
			isa = PBXResourcesBuildPhase;
			buildActionMask = 2147483647;
			files = (
			);
			runOnlyForDeploymentPostprocessing = 0;
		};
/* End PBXResourcesBuildPhase section */

/* Begin PBXSourcesBuildPhase section */
		6D33F3111B25B5AC8A57C2CF /* Sources */ = {
			isa = PBXSourcesBuildPhase;
			buildActionMask = 2147483647;
			files = (
				4EF6E97B81FC08DE49C9F6AB /* AppDelegate.swift in Sources */,
				1DCE4E4B73A76340E3E88C61 /* main.swift in Sources */,
				935620CE492E2962D58622E1 /* AppVersionInfo.swift in Sources */,
				ABD106E61F7771CA0B5D687B /* GitHubAuth.swift in Sources */,
				ACA9275E0BA761EE2E2AFB1B /* GitHubClient.swift in Sources */,
				0A0A3AFDFEDF48F16B212EE1 /* GitHubQueries.swift in Sources */,
				478F1F3879041DFB43C12741 /* GitHubSettings.swift in Sources */,
				C37174DDDECEBB609EC1CB5D /* LaunchAtLoginSettings.swift in Sources */,
				6AB5E9612D58844F92F5F770 /* PullRequestModels.swift in Sources */,
				0E684AB55EAF2165D9327772 /* PullRequestStore.swift in Sources */,
				9E28BC30ECE0F29BCF9D7013 /* ThemeManager.swift in Sources */,
				A64DC53EB4D8E6BC3BCDCA9C /* UpdateGitHubClient.swift in Sources */,
				6D4D1B21C31BDCB8D33A11CC /* UpdateInstallPlanner.swift in Sources */,
				B3A715D0C9A684BAB92EA2D0 /* UpdateManager.swift in Sources */,
				22FDA248A4A516301B953910 /* UpdateModels.swift in Sources */,
				E7BDFA6FDE2902DC26CE9B54 /* Colors.swift in Sources */,
				7E81C2F6B53A936EA411461D /* PanelView.swift in Sources */,
				E019A34E4B9B167E06856EF1 /* PullRequestRowView.swift in Sources */,
				232A1C3F7CD7388377B346BA /* SettingsView.swift in Sources */,
				0629275990A45BA75C38E965 /* MenuBarBadgeView.swift in Sources */,
			);
			runOnlyForDeploymentPostprocessing = 0;
		};
		AF36A4F449BBF3084D7134B8 /* Sources */ = {
			isa = PBXSourcesBuildPhase;
			buildActionMask = 2147483647;
			files = (
				51E26D8EBC0B552FCEBAEFD0 /* UpdaterAppDelegate.swift in Sources */,
				D079CEC207FA5A8E40324FE4 /* UpdaterInstaller.swift in Sources */,
				12235F259535DD614D1BF905 /* UpdaterWindowController.swift in Sources */,
				6AAD59D774A33F7C35666DED /* main.swift in Sources */,
				E73BE81780A4EBE2C1D5132C /* UpdateModels.swift in Sources */,
			);
			runOnlyForDeploymentPostprocessing = 0;
		};
		D44885AA268E9A61C6C722C1 /* Sources */ = {
			isa = PBXSourcesBuildPhase;
			buildActionMask = 2147483647;
			files = (
			);
			runOnlyForDeploymentPostprocessing = 0;
		};
/* End PBXSourcesBuildPhase section */

/* Begin PBXTargetDependency section */
		154CD3A2165B20D96EE29449 /* PBXTargetDependency */ = {
			isa = PBXTargetDependency;
			name = "git-watch";
			target = F3888EF4A81166CB82D5774A /* git-watch */;
			targetProxy = 243B400544302CAAD4E4D0A1 /* PBXContainerItemProxy */;
		};
/* End PBXTargetDependency section */

/* Begin XCBuildConfiguration section */
		035E6252F9B688FFF03A1EA8 /* Release */ = {
			isa = XCBuildConfiguration;
			buildSettings = {
				ALWAYS_SEARCH_USER_PATHS = NO;
				CLANG_ANALYZER_NONNULL = YES;
				CLANG_ANALYZER_NUMBER_OBJECT_CONVERSION = YES_AGGRESSIVE;
				CLANG_CXX_LANGUAGE_STANDARD = "gnu++14";
				CLANG_CXX_LIBRARY = "libc++";
				CLANG_ENABLE_MODULES = YES;
				CLANG_ENABLE_OBJC_ARC = YES;
				CLANG_ENABLE_OBJC_WEAK = YES;
				CLANG_WARN_BLOCK_CAPTURE_AUTORELEASING = YES;
				CLANG_WARN_BOOL_CONVERSION = YES;
				CLANG_WARN_COMMA = YES;
				CLANG_WARN_CONSTANT_CONVERSION = YES;
				CLANG_WARN_DEPRECATED_OBJC_IMPLEMENTATIONS = YES;
				CLANG_WARN_DIRECT_OBJC_ISA_USAGE = YES_ERROR;
				CLANG_WARN_DOCUMENTATION_COMMENTS = YES;
				CLANG_WARN_EMPTY_BODY = YES;
				CLANG_WARN_ENUM_CONVERSION = YES;
				CLANG_WARN_INFINITE_RECURSION = YES;
				CLANG_WARN_INT_CONVERSION = YES;
				CLANG_WARN_NON_LITERAL_NULL_CONVERSION = YES;
				CLANG_WARN_OBJC_IMPLICIT_RETAIN_SELF = YES;
				CLANG_WARN_OBJC_LITERAL_CONVERSION = YES;
				CLANG_WARN_OBJC_ROOT_CLASS = YES_ERROR;
				CLANG_WARN_QUOTED_INCLUDE_IN_FRAMEWORK_HEADER = YES;
				CLANG_WARN_RANGE_LOOP_ANALYSIS = YES;
				CLANG_WARN_STRICT_PROTOTYPES = YES;
				CLANG_WARN_SUSPICIOUS_MOVE = YES;
				CLANG_WARN_UNGUARDED_AVAILABILITY = YES_AGGRESSIVE;
				CLANG_WARN_UNREACHABLE_CODE = YES;
				CLANG_WARN__DUPLICATE_METHOD_MATCH = YES;
				COPY_PHASE_STRIP = NO;
				DEBUG_INFORMATION_FORMAT = "dwarf-with-dsym";
				ENABLE_NS_ASSERTIONS = NO;
				ENABLE_STRICT_OBJC_MSGSEND = YES;
				GCC_C_LANGUAGE_STANDARD = gnu11;
				GCC_NO_COMMON_BLOCKS = YES;
				GCC_WARN_64_TO_32_BIT_CONVERSION = YES;
				GCC_WARN_ABOUT_RETURN_TYPE = YES_ERROR;
				GCC_WARN_UNDECLARED_SELECTOR = YES;
				GCC_WARN_UNINITIALIZED_AUTOS = YES_AGGRESSIVE;
				GCC_WARN_UNUSED_FUNCTION = YES;
				GCC_WARN_UNUSED_VARIABLE = YES;
				MTL_ENABLE_DEBUG_INFO = NO;
				MTL_FAST_MATH = YES;
				PRODUCT_NAME = "$(TARGET_NAME)";
				SWIFT_COMPILATION_MODE = wholemodule;
				SWIFT_OPTIMIZATION_LEVEL = "-O";
				SWIFT_VERSION = 5.0;
			};
			name = Release;
		};
		21BCBDB5870209CF9DF2172F /* Debug */ = {
			isa = XCBuildConfiguration;
			buildSettings = {
				BUNDLE_LOADER = "$(TEST_HOST)";
				GENERATE_INFOPLIST_FILE = YES;
				MACOSX_DEPLOYMENT_TARGET = 14.0;
				PRODUCT_BUNDLE_IDENTIFIER = com.rejacky.gitwatchTests;
				SDKROOT = macosx;
				SWIFT_VERSION = 5.9;
				TEST_HOST = "$(BUILT_PRODUCTS_DIR)/GitWatch.app/Contents/MacOS/GitWatch";
			};
			name = Debug;
		};
		745C74A70E75128355C33129 /* Release */ = {
			isa = XCBuildConfiguration;
			buildSettings = {
				ASSETCATALOG_COMPILER_APPICON_NAME = AppIcon;
				ASSETCATALOG_COMPILER_GLOBAL_ACCENT_COLOR_NAME = AccentColor;
				CODE_SIGN_IDENTITY = "-";
				CODE_SIGN_STYLE = Automatic;
				COMBINE_HIDPI_IMAGES = YES;
				CURRENT_PROJECT_VERSION = 1;
				ENABLE_HARDENED_RUNTIME = YES;
				GENERATE_INFOPLIST_FILE = NO;
				INFOPLIST_FILE = Info.plist;
				LD_RUNPATH_SEARCH_PATHS = "$(inherited) @executable_path/../Frameworks";
				MACOSX_DEPLOYMENT_TARGET = 14.0;
				MARKETING_VERSION = 0.1.0;
				PRODUCT_BUNDLE_IDENTIFIER = com.rejacky.gitwatch;
				PRODUCT_NAME = GitWatch;
				SDKROOT = macosx;
				SWIFT_VERSION = 5.9;
			};
			name = Release;
		};
		7F803CD6DDF65148AAF274E4 /* Release */ = {
			isa = XCBuildConfiguration;
			buildSettings = {
				BUNDLE_LOADER = "$(TEST_HOST)";
				GENERATE_INFOPLIST_FILE = YES;
				MACOSX_DEPLOYMENT_TARGET = 14.0;
				PRODUCT_BUNDLE_IDENTIFIER = com.rejacky.gitwatchTests;
				SDKROOT = macosx;
				SWIFT_VERSION = 5.9;
				TEST_HOST = "$(BUILT_PRODUCTS_DIR)/GitWatch.app/Contents/MacOS/GitWatch";
			};
			name = Release;
		};
		814876C762C879803B44A7D2 /* Debug */ = {
			isa = XCBuildConfiguration;
			buildSettings = {
				ALWAYS_SEARCH_USER_PATHS = NO;
				CLANG_ANALYZER_NONNULL = YES;
				CLANG_ANALYZER_NUMBER_OBJECT_CONVERSION = YES_AGGRESSIVE;
				CLANG_CXX_LANGUAGE_STANDARD = "gnu++14";
				CLANG_CXX_LIBRARY = "libc++";
				CLANG_ENABLE_MODULES = YES;
				CLANG_ENABLE_OBJC_ARC = YES;
				CLANG_ENABLE_OBJC_WEAK = YES;
				CLANG_WARN_BLOCK_CAPTURE_AUTORELEASING = YES;
				CLANG_WARN_BOOL_CONVERSION = YES;
				CLANG_WARN_COMMA = YES;
				CLANG_WARN_CONSTANT_CONVERSION = YES;
				CLANG_WARN_DEPRECATED_OBJC_IMPLEMENTATIONS = YES;
				CLANG_WARN_DIRECT_OBJC_ISA_USAGE = YES_ERROR;
				CLANG_WARN_DOCUMENTATION_COMMENTS = YES;
				CLANG_WARN_EMPTY_BODY = YES;
				CLANG_WARN_ENUM_CONVERSION = YES;
				CLANG_WARN_INFINITE_RECURSION = YES;
				CLANG_WARN_INT_CONVERSION = YES;
				CLANG_WARN_NON_LITERAL_NULL_CONVERSION = YES;
				CLANG_WARN_OBJC_IMPLICIT_RETAIN_SELF = YES;
				CLANG_WARN_OBJC_LITERAL_CONVERSION = YES;
				CLANG_WARN_OBJC_ROOT_CLASS = YES_ERROR;
				CLANG_WARN_QUOTED_INCLUDE_IN_FRAMEWORK_HEADER = YES;
				CLANG_WARN_RANGE_LOOP_ANALYSIS = YES;
				CLANG_WARN_STRICT_PROTOTYPES = YES;
				CLANG_WARN_SUSPICIOUS_MOVE = YES;
				CLANG_WARN_UNGUARDED_AVAILABILITY = YES_AGGRESSIVE;
				CLANG_WARN_UNREACHABLE_CODE = YES;
				CLANG_WARN__DUPLICATE_METHOD_MATCH = YES;
				COPY_PHASE_STRIP = NO;
				DEBUG_INFORMATION_FORMAT = dwarf;
				ENABLE_STRICT_OBJC_MSGSEND = YES;
				ENABLE_TESTABILITY = YES;
				GCC_C_LANGUAGE_STANDARD = gnu11;
				GCC_DYNAMIC_NO_PIC = NO;
				GCC_NO_COMMON_BLOCKS = YES;
				GCC_OPTIMIZATION_LEVEL = 0;
				GCC_PREPROCESSOR_DEFINITIONS = (
					"DEBUG=1",
					"$(inherited)",
				);
				GCC_WARN_64_TO_32_BIT_CONVERSION = YES;
				GCC_WARN_ABOUT_RETURN_TYPE = YES_ERROR;
				GCC_WARN_UNDECLARED_SELECTOR = YES;
				GCC_WARN_UNINITIALIZED_AUTOS = YES_AGGRESSIVE;
				GCC_WARN_UNUSED_FUNCTION = YES;
				GCC_WARN_UNUSED_VARIABLE = YES;
				MTL_ENABLE_DEBUG_INFO = INCLUDE_SOURCE;
				MTL_FAST_MATH = YES;
				ONLY_ACTIVE_ARCH = YES;
				PRODUCT_NAME = "$(TARGET_NAME)";
				SWIFT_ACTIVE_COMPILATION_CONDITIONS = DEBUG;
				SWIFT_OPTIMIZATION_LEVEL = "-Onone";
				SWIFT_VERSION = 5.0;
			};
			name = Debug;
		};
		B250C24079BD4B9759BD956F /* Debug */ = {
			isa = XCBuildConfiguration;
			buildSettings = {
				ASSETCATALOG_COMPILER_APPICON_NAME = AppIcon;
				ASSETCATALOG_COMPILER_GLOBAL_ACCENT_COLOR_NAME = AccentColor;
				CODE_SIGN_IDENTITY = "-";
				COMBINE_HIDPI_IMAGES = YES;
				CURRENT_PROJECT_VERSION = 1;
				GENERATE_INFOPLIST_FILE = YES;
				INFOPLIST_KEY_LSUIElement = YES;
				LD_RUNPATH_SEARCH_PATHS = "$(inherited) @executable_path/../Frameworks";
				MACOSX_DEPLOYMENT_TARGET = 14.0;
				MARKETING_VERSION = 0.1.0;
				PRODUCT_BUNDLE_IDENTIFIER = com.rejacky.GitWatchUpdater;
				SDKROOT = macosx;
				SWIFT_VERSION = 5.9;
			};
			name = Debug;
		};
		D198FAEAFFD9E30C481B1DD8 /* Release */ = {
			isa = XCBuildConfiguration;
			buildSettings = {
				ASSETCATALOG_COMPILER_APPICON_NAME = AppIcon;
				ASSETCATALOG_COMPILER_GLOBAL_ACCENT_COLOR_NAME = AccentColor;
				CODE_SIGN_IDENTITY = "-";
				COMBINE_HIDPI_IMAGES = YES;
				CURRENT_PROJECT_VERSION = 1;
				GENERATE_INFOPLIST_FILE = YES;
				INFOPLIST_KEY_LSUIElement = YES;
				LD_RUNPATH_SEARCH_PATHS = "$(inherited) @executable_path/../Frameworks";
				MACOSX_DEPLOYMENT_TARGET = 14.0;
				MARKETING_VERSION = 0.1.0;
				PRODUCT_BUNDLE_IDENTIFIER = com.rejacky.GitWatchUpdater;
				SDKROOT = macosx;
				SWIFT_VERSION = 5.9;
			};
			name = Release;
		};
		E4C89F3C607345BBA128797A /* Debug */ = {
			isa = XCBuildConfiguration;
			buildSettings = {
				ASSETCATALOG_COMPILER_APPICON_NAME = AppIcon;
				ASSETCATALOG_COMPILER_GLOBAL_ACCENT_COLOR_NAME = AccentColor;
				CODE_SIGN_IDENTITY = "-";
				CODE_SIGN_STYLE = Automatic;
				COMBINE_HIDPI_IMAGES = YES;
				CURRENT_PROJECT_VERSION = 1;
				ENABLE_HARDENED_RUNTIME = YES;
				GENERATE_INFOPLIST_FILE = NO;
				INFOPLIST_FILE = Info.plist;
				LD_RUNPATH_SEARCH_PATHS = "$(inherited) @executable_path/../Frameworks";
				MACOSX_DEPLOYMENT_TARGET = 14.0;
				MARKETING_VERSION = 0.1.0;
				PRODUCT_BUNDLE_IDENTIFIER = com.rejacky.gitwatch;
				PRODUCT_NAME = GitWatch;
				SDKROOT = macosx;
				SWIFT_VERSION = 5.9;
			};
			name = Debug;
		};
/* End XCBuildConfiguration section */

/* Begin XCConfigurationList section */
		19775703EBB7536741DDD768 /* Build configuration list for PBXNativeTarget "GitWatchUpdater" */ = {
			isa = XCConfigurationList;
			buildConfigurations = (
				D198FAEAFFD9E30C481B1DD8 /* Release */,
				B250C24079BD4B9759BD956F /* Debug */,
			);
			defaultConfigurationIsVisible = 0;
			defaultConfigurationName = Release;
		};
		95D35CE808B6A37FFC5FE7FD /* Build configuration list for PBXNativeTarget "git-watch" */ = {
			isa = XCConfigurationList;
			buildConfigurations = (
				745C74A70E75128355C33129 /* Release */,
				E4C89F3C607345BBA128797A /* Debug */,
			);
			defaultConfigurationIsVisible = 0;
			defaultConfigurationName = Release;
		};
		A3A43833BC09288CC1FB1046 /* Build configuration list for PBXProject "git-watch" */ = {
			isa = XCConfigurationList;
			buildConfigurations = (
				814876C762C879803B44A7D2 /* Debug */,
				035E6252F9B688FFF03A1EA8 /* Release */,
			);
			defaultConfigurationIsVisible = 0;
			defaultConfigurationName = Release;
		};
		B51893F72FF5EE0966A67AD4 /* Build configuration list for PBXNativeTarget "git-watchTests" */ = {
			isa = XCConfigurationList;
			buildConfigurations = (
				7F803CD6DDF65148AAF274E4 /* Release */,
				21BCBDB5870209CF9DF2172F /* Debug */,
			);
			defaultConfigurationIsVisible = 0;
			defaultConfigurationName = Release;
		};
/* End XCConfigurationList section */
	};
	rootObject = 0853A6F210CFF03B4B054BAE /* Project object */;
}
